// !$*UTF8*$!
{
	archiveVersion = 1;
	classes = {
	};
	objectVersion = 46;
	objects = {

/* Begin PBXBuildFile section */
		182751761BA242FB00419877 /* AppDelegate.swift in Sources */ = {isa = PBXBuildFile; fileRef = 182751751BA242FB00419877 /* AppDelegate.swift */; };
		182751781BA242FB00419877 /* AddViewController.swift in Sources */ = {isa = PBXBuildFile; fileRef = 182751771BA242FB00419877 /* AddViewController.swift */; };
		1827517B1BA242FB00419877 /* Main.storyboard in Resources */ = {isa = PBXBuildFile; fileRef = 182751791BA242FB00419877 /* Main.storyboard */; };
		1827517D1BA242FB00419877 /* Images.xcassets in Resources */ = {isa = PBXBuildFile; fileRef = 1827517C1BA242FB00419877 /* Images.xcassets */; };
		182751801BA242FB00419877 /* LaunchScreen.xib in Resources */ = {isa = PBXBuildFile; fileRef = 1827517E1BA242FB00419877 /* LaunchScreen.xib */; };
		1827518C1BA242FB00419877 /* ScavengerHuntTests.swift in Sources */ = {isa = PBXBuildFile; fileRef = 1827518B1BA242FB00419877 /* ScavengerHuntTests.swift */; };
		182751961BA258FD00419877 /* ListViewController.swift in Sources */ = {isa = PBXBuildFile; fileRef = 182751951BA258FD00419877 /* ListViewController.swift */; };
		182751981BA2723100419877 /* ScavengerHuntItem.swift in Sources */ = {isa = PBXBuildFile; fileRef = 182751971BA2723100419877 /* ScavengerHuntItem.swift */; };
		1827519A1BA281D800419877 /* ItemsManager.swift in Sources */ = {isa = PBXBuildFile; fileRef = 182751991BA281D800419877 /* ItemsManager.swift */; };
/* End PBXBuildFile section */

/* Begin PBXContainerItemProxy section */
		182751861BA242FB00419877 /* PBXContainerItemProxy */ = {
			isa = PBXContainerItemProxy;
			containerPortal = 182751681BA242FA00419877 /* Project object */;
			proxyType = 1;
			remoteGlobalIDString = 1827516F1BA242FA00419877;
			remoteInfo = ScavengerHunt;
		};
/* End PBXContainerItemProxy section */

/* Begin PBXFileReference section */
		182751701BA242FB00419877 /* ScavengerHunt.app */ = {isa = PBXFileReference; explicitFileType = wrapper.application; includeInIndex = 0; path = ScavengerHunt.app; sourceTree = BUILT_PRODUCTS_DIR; };
		182751741BA242FB00419877 /* Info.plist */ = {isa = PBXFileReference; lastKnownFileType = text.plist.xml; path = Info.plist; sourceTree = "<group>"; };
		182751751BA242FB00419877 /* AppDelegate.swift */ = {isa = PBXFileReference; lastKnownFileType = sourcecode.swift; path = AppDelegate.swift; sourceTree = "<group>"; };
		182751771BA242FB00419877 /* AddViewController.swift */ = {isa = PBXFileReference; lastKnownFileType = sourcecode.swift; path = AddViewController.swift; sourceTree = "<group>"; };
		1827517A1BA242FB00419877 /* Base */ = {isa = PBXFileReference; lastKnownFileType = file.storyboard; name = Base; path = Base.lproj/Main.storyboard; sourceTree = "<group>"; };
		1827517C1BA242FB00419877 /* Images.xcassets */ = {isa = PBXFileReference; lastKnownFileType = folder.assetcatalog; path = Images.xcassets; sourceTree = "<group>"; };
		1827517F1BA242FB00419877 /* Base */ = {isa = PBXFileReference; lastKnownFileType = file.xib; name = Base; path = Base.lproj/LaunchScreen.xib; sourceTree = "<group>"; };
		182751851BA242FB00419877 /* ScavengerHuntTests.xctest */ = {isa = PBXFileReference; explicitFileType = wrapper.cfbundle; includeInIndex = 0; path = ScavengerHuntTests.xctest; sourceTree = BUILT_PRODUCTS_DIR; };
		1827518A1BA242FB00419877 /* Info.plist */ = {isa = PBXFileReference; lastKnownFileType = text.plist.xml; path = Info.plist; sourceTree = "<group>"; };
		1827518B1BA242FB00419877 /* ScavengerHuntTests.swift */ = {isa = PBXFileReference; lastKnownFileType = sourcecode.swift; path = ScavengerHuntTests.swift; sourceTree = "<group>"; };
		182751951BA258FD00419877 /* ListViewController.swift */ = {isa = PBXFileReference; fileEncoding = 4; lastKnownFileType = sourcecode.swift; path = ListViewController.swift; sourceTree = "<group>"; };
		182751971BA2723100419877 /* ScavengerHuntItem.swift */ = {isa = PBXFileReference; fileEncoding = 4; lastKnownFileType = sourcecode.swift; path = ScavengerHuntItem.swift; sourceTree = "<group>"; };
		182751991BA281D800419877 /* ItemsManager.swift */ = {isa = PBXFileReference; fileEncoding = 4; lastKnownFileType = sourcecode.swift; path = ItemsManager.swift; sourceTree = "<group>"; };
/* End PBXFileReference section */

/* Begin PBXFrameworksBuildPhase section */
		1827516D1BA242FA00419877 /* Frameworks */ = {
			isa = PBXFrameworksBuildPhase;
			buildActionMask = 2147483647;
			files = (
			);
			runOnlyForDeploymentPostprocessing = 0;
		};
		182751821BA242FB00419877 /* Frameworks */ = {
			isa = PBXFrameworksBuildPhase;
			buildActionMask = 2147483647;
			files = (
			);
			runOnlyForDeploymentPostprocessing = 0;
		};
/* End PBXFrameworksBuildPhase section */

/* Begin PBXGroup section */
		182751671BA242FA00419877 = {
			isa = PBXGroup;
			children = (
				182751721BA242FB00419877 /* ScavengerHunt */,
				182751881BA242FB00419877 /* ScavengerHuntTests */,
				182751711BA242FB00419877 /* Products */,
			);
			sourceTree = "<group>";
		};
		182751711BA242FB00419877 /* Products */ = {
			isa = PBXGroup;
			children = (
				182751701BA242FB00419877 /* ScavengerHunt.app */,
				182751851BA242FB00419877 /* ScavengerHuntTests.xctest */,
			);
			name = Products;
			sourceTree = "<group>";
		};
		182751721BA242FB00419877 /* ScavengerHunt */ = {
			isa = PBXGroup;
			children = (
				182751751BA242FB00419877 /* AppDelegate.swift */,
				182751771BA242FB00419877 /* AddViewController.swift */,
				182751791BA242FB00419877 /* Main.storyboard */,
				182751991BA281D800419877 /* ItemsManager.swift */,
				182751971BA2723100419877 /* ScavengerHuntItem.swift */,
				182751951BA258FD00419877 /* ListViewController.swift */,
				1827517C1BA242FB00419877 /* Images.xcassets */,
				1827517E1BA242FB00419877 /* LaunchScreen.xib */,
				182751731BA242FB00419877 /* Supporting Files */,
			);
			path = ScavengerHunt;
			sourceTree = "<group>";
		};
		182751731BA242FB00419877 /* Supporting Files */ = {
			isa = PBXGroup;
			children = (
				182751741BA242FB00419877 /* Info.plist */,
			);
			name = "Supporting Files";
			sourceTree = "<group>";
		};
		182751881BA242FB00419877 /* ScavengerHuntTests */ = {
			isa = PBXGroup;
			children = (
				1827518B1BA242FB00419877 /* ScavengerHuntTests.swift */,
				182751891BA242FB00419877 /* Supporting Files */,
			);
			path = ScavengerHuntTests;
			sourceTree = "<group>";
		};
		182751891BA242FB00419877 /* Supporting Files */ = {
			isa = PBXGroup;
			children = (
				1827518A1BA242FB00419877 /* Info.plist */,
			);
			name = "Supporting Files";
			sourceTree = "<group>";
		};
/* End PBXGroup section */

/* Begin PBXNativeTarget section */
		1827516F1BA242FA00419877 /* ScavengerHunt */ = {
			isa = PBXNativeTarget;
			buildConfigurationList = 1827518F1BA242FB00419877 /* Build configuration list for PBXNativeTarget "ScavengerHunt" */;
			buildPhases = (
				1827516C1BA242FA00419877 /* Sources */,
				1827516D1BA242FA00419877 /* Frameworks */,
				1827516E1BA242FA00419877 /* Resources */,
			);
			buildRules = (
			);
			dependencies = (
			);
			name = ScavengerHunt;
			productName = ScavengerHunt;
			productReference = 182751701BA242FB00419877 /* ScavengerHunt.app */;
			productType = "com.apple.product-type.application";
		};
		182751841BA242FB00419877 /* ScavengerHuntTests */ = {
			isa = PBXNativeTarget;
			buildConfigurationList = 182751921BA242FB00419877 /* Build configuration list for PBXNativeTarget "ScavengerHuntTests" */;
			buildPhases = (
				182751811BA242FB00419877 /* Sources */,
				182751821BA242FB00419877 /* Frameworks */,
				182751831BA242FB00419877 /* Resources */,
			);
			buildRules = (
			);
			dependencies = (
				182751871BA242FB00419877 /* PBXTargetDependency */,
			);
			name = ScavengerHuntTests;
			productName = ScavengerHuntTests;
			productReference = 182751851BA242FB00419877 /* ScavengerHuntTests.xctest */;
			productType = "com.apple.product-type.bundle.unit-test";
		};
/* End PBXNativeTarget section */

/* Begin PBXProject section */
		182751681BA242FA00419877 /* Project object */ = {
			isa = PBXProject;
			attributes = {
				LastUpgradeCheck = 0640;
				ORGANIZATIONNAME = Apple;
				TargetAttributes = {
					1827516F1BA242FA00419877 = {
						CreatedOnToolsVersion = 6.4;
					};
					182751841BA242FB00419877 = {
						CreatedOnToolsVersion = 6.4;
						TestTargetID = 1827516F1BA242FA00419877;
					};
				};
			};
			buildConfigurationList = 1827516B1BA242FA00419877 /* Build configuration list for PBXProject "ScavengerHunt" */;
			compatibilityVersion = "Xcode 3.2";
			developmentRegion = English;
			hasScannedForEncodings = 0;
			knownRegions = (
				en,
				Base,
			);
			mainGroup = 182751671BA242FA00419877;
			productRefGroup = 182751711BA242FB00419877 /* Products */;
			projectDirPath = "";
			projectRoot = "";
			targets = (
				1827516F1BA242FA00419877 /* ScavengerHunt */,
				182751841BA242FB00419877 /* ScavengerHuntTests */,
			);
		};
/* End PBXProject section */

/* Begin PBXResourcesBuildPhase section */
		1827516E1BA242FA00419877 /* Resources */ = {
			isa = PBXResourcesBuildPhase;
			buildActionMask = 2147483647;
			files = (
				1827517B1BA242FB00419877 /* Main.storyboard in Resources */,
				182751801BA242FB00419877 /* LaunchScreen.xib in Resources */,
				1827517D1BA242FB00419877 /* Images.xcassets in Resources */,
			);
			runOnlyForDeploymentPostprocessing = 0;
		};
		182751831BA242FB00419877 /* Resources */ = {
			isa = PBXResourcesBuildPhase;
			buildActionMask = 2147483647;
			files = (
			);
			runOnlyForDeploymentPostprocessing = 0;
		};
/* End PBXResourcesBuildPhase section */

/* Begin PBXSourcesBuildPhase section */
		1827516C1BA242FA00419877 /* Sources */ = {
			isa = PBXSourcesBuildPhase;
			buildActionMask = 2147483647;
			files = (
				182751781BA242FB00419877 /* AddViewController.swift in Sources */,
				182751761BA242FB00419877 /* AppDelegate.swift in Sources */,
				182751981BA2723100419877 /* ScavengerHuntItem.swift in Sources */,
				182751961BA258FD00419877 /* ListViewController.swift in Sources */,
				1827519A1BA281D800419877 /* ItemsManager.swift in Sources */,
			);
			runOnlyForDeploymentPostprocessing = 0;
		};
		182751811BA242FB00419877 /* Sources */ = {
			isa = PBXSourcesBuildPhase;
			buildActionMask = 2147483647;
			files = (
				1827518C1BA242FB00419877 /* ScavengerHuntTests.swift in Sources */,
			);
			runOnlyForDeploymentPostprocessing = 0;
		};
/* End PBXSourcesBuildPhase section */

/* Begin PBXTargetDependency section */
		182751871BA242FB00419877 /* PBXTargetDependency */ = {
			isa = PBXTargetDependency;
			target = 1827516F1BA242FA00419877 /* ScavengerHunt */;
			targetProxy = 182751861BA242FB00419877 /* PBXContainerItemProxy */;
		};
/* End PBXTargetDependency section */

/* Begin PBXVariantGroup section */
		182751791BA242FB00419877 /* Main.storyboard */ = {
			isa = PBXVariantGroup;
			children = (
				1827517A1BA242FB00419877 /* Base */,
			);
			name = Main.storyboard;
			sourceTree = "<group>";
		};
		1827517E1BA242FB00419877 /* LaunchScreen.xib */ = {
			isa = PBXVariantGroup;
			children = (
				1827517F1BA242FB00419877 /* Base */,
			);
			name = LaunchScreen.xib;
			sourceTree = "<group>";
		};
/* End PBXVariantGroup section */

/* Begin XCBuildConfiguration section */
		1827518D1BA242FB00419877 /* Debug */ = {
			isa = XCBuildConfiguration;
			buildSettings = {
				ALWAYS_SEARCH_USER_PATHS = NO;
				CLANG_CXX_LANGUAGE_STANDARD = "gnu++0x";
				CLANG_CXX_LIBRARY = "libc++";
				CLANG_ENABLE_MODULES = YES;
				CLANG_ENABLE_OBJC_ARC = YES;
				CLANG_WARN_BOOL_CONVERSION = YES;
				CLANG_WARN_CONSTANT_CONVERSION = YES;
				CLANG_WARN_DIRECT_OBJC_ISA_USAGE = YES_ERROR;
				CLANG_WARN_EMPTY_BODY = YES;
				CLANG_WARN_ENUM_CONVERSION = YES;
				CLANG_WARN_INT_CONVERSION = YES;
				CLANG_WARN_OBJC_ROOT_CLASS = YES_ERROR;
				CLANG_WARN_UNREACHABLE_CODE = YES;
				CLANG_WARN__DUPLICATE_METHOD_MATCH = YES;
				"CODE_SIGN_IDENTITY[sdk=iphoneos*]" = "iPhone Developer";
				COPY_PHASE_STRIP = NO;
				DEBUG_INFORMATION_FORMAT = "dwarf-with-dsym";
				ENABLE_STRICT_OBJC_MSGSEND = YES;
				GCC_C_LANGUAGE_STANDARD = gnu99;
				GCC_DYNAMIC_NO_PIC = NO;
				GCC_NO_COMMON_BLOCKS = YES;
				GCC_OPTIMIZATION_LEVEL = 0;
				GCC_PREPROCESSOR_DEFINITIONS = (
					"DEBUG=1",
					"$(inherited)",
				);
				GCC_SYMBOLS_PRIVATE_EXTERN = NO;
				GCC_WARN_64_TO_32_BIT_CONVERSION = YES;
				GCC_WARN_ABOUT_RETURN_TYPE = YES_ERROR;
				GCC_WARN_UNDECLARED_SELECTOR = YES;
				GCC_WARN_UNINITIALIZED_AUTOS = YES_AGGRESSIVE;
				GCC_WARN_UNUSED_FUNCTION = YES;
				GCC_WARN_UNUSED_VARIABLE = YES;
				IPHONEOS_DEPLOYMENT_TARGET = 8.4;
				MTL_ENABLE_DEBUG_INFO = YES;
				ONLY_ACTIVE_ARCH = YES;
				SDKROOT = iphoneos;
				SWIFT_OPTIMIZATION_LEVEL = "-Onone";
				TARGETED_DEVICE_FAMILY = "1,2";
			};
			name = Debug;
		};
		1827518E1BA242FB00419877 /* Release */ = {
			isa = XCBuildConfiguration;
			buildSettings = {
				ALWAYS_SEARCH_USER_PATHS = NO;
				CLANG_CXX_LANGUAGE_STANDARD = "gnu++0x";
				CLANG_CXX_LIBRARY = "libc++";
				CLANG_ENABLE_MODULES = YES;
				CLANG_ENABLE_OBJC_ARC = YES;
				CLANG_WARN_BOOL_CONVERSION = YES;
				CLANG_WARN_CONSTANT_CONVERSION = YES;
				CLANG_WARN_DIRECT_OBJC_ISA_USAGE = YES_ERROR;
				CLANG_WARN_EMPTY_BODY = YES;
				CLANG_WARN_ENUM_CONVERSION = YES;
				CLANG_WARN_INT_CONVERSION = YES;
				CLANG_WARN_OBJC_ROOT_CLASS = YES_ERROR;
				CLANG_WARN_UNREACHABLE_CODE = YES;
				CLANG_WARN__DUPLICATE_METHOD_MATCH = YES;
				"CODE_SIGN_IDENTITY[sdk=iphoneos*]" = "iPhone Developer";
				COPY_PHASE_STRIP = NO;
				DEBUG_INFORMATION_FORMAT = "dwarf-with-dsym";
				ENABLE_NS_ASSERTIONS = NO;
				ENABLE_STRICT_OBJC_MSGSEND = YES;
				GCC_C_LANGUAGE_STANDARD = gnu99;
				GCC_NO_COMMON_BLOCKS = YES;
				GCC_WARN_64_TO_32_BIT_CONVERSION = YES;
				GCC_WARN_ABOUT_RETURN_TYPE = YES_ERROR;
				GCC_WARN_UNDECLARED_SELECTOR = YES;
				GCC_WARN_UNINITIALIZED_AUTOS = YES_AGGRESSIVE;
				GCC_WARN_UNUSED_FUNCTION = YES;
				GCC_WARN_UNUSED_VARIABLE = YES;
				IPHONEOS_DEPLOYMENT_TARGET = 8.4;
				MTL_ENABLE_DEBUG_INFO = NO;
				SDKROOT = iphoneos;
				TARGETED_DEVICE_FAMILY = "1,2";
				VALIDATE_PRODUCT = YES;
			};
			name = Release;
		};
		182751901BA242FB00419877 /* Debug */ = {
			isa = XCBuildConfiguration;
			buildSettings = {
				ASSETCATALOG_COMPILER_APPICON_NAME = AppIcon;
				INFOPLIST_FILE = ScavengerHunt/Info.plist;
				LD_RUNPATH_SEARCH_PATHS = "$(inherited) @executable_path/Frameworks";
				PRODUCT_NAME = "$(TARGET_NAME)";
			};
			name = Debug;
		};
		182751911BA242FB00419877 /* Release */ = {
			isa = XCBuildConfiguration;
			buildSettings = {
				ASSETCATALOG_COMPILER_APPICON_NAME = AppIcon;
				INFOPLIST_FILE = ScavengerHunt/Info.plist;
				LD_RUNPATH_SEARCH_PATHS = "$(inherited) @executable_path/Frameworks";
				PRODUCT_NAME = "$(TARGET_NAME)";
			};
			name = Release;
		};
		182751931BA242FB00419877 /* Debug */ = {
			isa = XCBuildConfiguration;
			buildSettings = {
				BUNDLE_LOADER = "$(TEST_HOST)";
				FRAMEWORK_SEARCH_PATHS = (
					"$(SDKROOT)/Developer/Library/Frameworks",
					"$(inherited)",
				);
				GCC_PREPROCESSOR_DEFINITIONS = (
					"DEBUG=1",
					"$(inherited)",
				);
				INFOPLIST_FILE = ScavengerHuntTests/Info.plist;
				LD_RUNPATH_SEARCH_PATHS = "$(inherited) @executable_path/Frameworks @loader_path/Frameworks";
				PRODUCT_NAME = "$(TARGET_NAME)";
				TEST_HOST = "$(BUILT_PRODUCTS_DIR)/ScavengerHunt.app/ScavengerHunt";
			};
			name = Debug;
		};
		182751941BA242FB00419877 /* Release */ = {
			isa = XCBuildConfiguration;
			buildSettings = {
				BUNDLE_LOADER = "$(TEST_HOST)";
				FRAMEWORK_SEARCH_PATHS = (
					"$(SDKROOT)/Developer/Library/Frameworks",
					"$(inherited)",
				);
				INFOPLIST_FILE = ScavengerHuntTests/Info.plist;
				LD_RUNPATH_SEARCH_PATHS = "$(inherited) @executable_path/Frameworks @loader_path/Frameworks";
				PRODUCT_NAME = "$(TARGET_NAME)";
				TEST_HOST = "$(BUILT_PRODUCTS_DIR)/ScavengerHunt.app/ScavengerHunt";
			};
			name = Release;
		};
/* End XCBuildConfiguration section */

/* Begin XCConfigurationList section */
		1827516B1BA242FA00419877 /* Build configuration list for PBXProject "ScavengerHunt" */ = {
			isa = XCConfigurationList;
			buildConfigurations = (
				1827518D1BA242FB00419877 /* Debug */,
				1827518E1BA242FB00419877 /* Release */,
			);
			defaultConfigurationIsVisible = 0;
			defaultConfigurationName = Release;
		};
		1827518F1BA242FB00419877 /* Build configuration list for PBXNativeTarget "ScavengerHunt" */ = {
			isa = XCConfigurationList;
			buildConfigurations = (
				182751901BA242FB00419877 /* Debug */,
				182751911BA242FB00419877 /* Release */,
			);
			defaultConfigurationIsVisible = 0;
		};
		182751921BA242FB00419877 /* Build configuration list for PBXNativeTarget "ScavengerHuntTests" */ = {
			isa = XCConfigurationList;
			buildConfigurations = (
				182751931BA242FB00419877 /* Debug */,
				182751941BA242FB00419877 /* Release */,
			);
			defaultConfigurationIsVisible = 0;
		};
/* End XCConfigurationList section */
	};
	rootObject = 182751681BA242FA00419877 /* Project object */;
}
